// !$*UTF8*$!
{
	archiveVersion = 1;
	classes = {
	};
	objectVersion = 46;
	objects = {

/* Begin PBXBuildFile section */
		397D6D0017EFE04A0086E833 /* UIKit.framework in Frameworks */ = {isa = PBXBuildFile; fileRef = 397D6CFF17EFE04A0086E833 /* UIKit.framework */; };
		397D6D0217EFE04A0086E833 /* Foundation.framework in Frameworks */ = {isa = PBXBuildFile; fileRef = 397D6D0117EFE04A0086E833 /* Foundation.framework */; };
		397D6D0417EFE04A0086E833 /* CoreGraphics.framework in Frameworks */ = {isa = PBXBuildFile; fileRef = 397D6D0317EFE04A0086E833 /* CoreGraphics.framework */; };
		397D6D0A17EFE04A0086E833 /* InfoPlist.strings in Resources */ = {isa = PBXBuildFile; fileRef = 397D6D0817EFE04A0086E833 /* InfoPlist.strings */; };
		397D6D0C17EFE04A0086E833 /* main.m in Sources */ = {isa = PBXBuildFile; fileRef = 397D6D0B17EFE04A0086E833 /* main.m */; };
		397D6D1017EFE04A0086E833 /* AppDelegate.m in Sources */ = {isa = PBXBuildFile; fileRef = 397D6D0F17EFE04A0086E833 /* AppDelegate.m */; };
		397D6D1217EFE04A0086E833 /* Default.png in Resources */ = {isa = PBXBuildFile; fileRef = 397D6D1117EFE04A0086E833 /* Default.png */; };
		397D6D1417EFE04A0086E833 /* Default@2x.png in Resources */ = {isa = PBXBuildFile; fileRef = 397D6D1317EFE04A0086E833 /* Default@2x.png */; };
		397D6D1617EFE04A0086E833 /* Default-568h@2x.png in Resources */ = {isa = PBXBuildFile; fileRef = 397D6D1517EFE04A0086E833 /* Default-568h@2x.png */; };
		397D6D1917EFE04A0086E833 /* ViewController.m in Sources */ = {isa = PBXBuildFile; fileRef = 397D6D1817EFE04A0086E833 /* ViewController.m */; };
		397D6D1C17EFE04A0086E833 /* ViewController.xib in Resources */ = {isa = PBXBuildFile; fileRef = 397D6D1A17EFE04A0086E833 /* ViewController.xib */; };
/* End PBXBuildFile section */

/* Begin PBXFileReference section */
		397D6CFC17EFE04A0086E833 /* testApp.app */ = {isa = PBXFileReference; explicitFileType = wrapper.application; includeInIndex = 0; path = testApp.app; sourceTree = BUILT_PRODUCTS_DIR; };
		397D6CFF17EFE04A0086E833 /* UIKit.framework */ = {isa = PBXFileReference; lastKnownFileType = wrapper.framework; name = UIKit.framework; path = System/Library/Frameworks/UIKit.framework; sourceTree = SDKROOT; };
		397D6D0117EFE04A0086E833 /* Foundation.framework */ = {isa = PBXFileReference; lastKnownFileType = wrapper.framework; name = Foundation.framework; path = System/Library/Frameworks/Foundation.framework; sourceTree = SDKROOT; };
		397D6D0317EFE04A0086E833 /* CoreGraphics.framework */ = {isa = PBXFileReference; lastKnownFileType = wrapper.framework; name = CoreGraphics.framework; path = System/Library/Frameworks/CoreGraphics.framework; sourceTree = SDKROOT; };
		397D6D0717EFE04A0086E833 /* testApp-Info.plist */ = {isa = PBXFileReference; lastKnownFileType = text.plist.xml; path = "testApp-Info.plist"; sourceTree = "<group>"; };
		397D6D0917EFE04A0086E833 /* en */ = {isa = PBXFileReference; lastKnownFileType = text.plist.strings; name = en; path = en.lproj/InfoPlist.strings; sourceTree = "<group>"; };
		397D6D0B17EFE04A0086E833 /* main.m */ = {isa = PBXFileReference; lastKnownFileType = sourcecode.c.objc; path = main.m; sourceTree = "<group>"; };
		397D6D0D17EFE04A0086E833 /* testApp-Prefix.pch */ = {isa = PBXFileReference; lastKnownFileType = sourcecode.c.h; path = "testApp-Prefix.pch"; sourceTree = "<group>"; };
		397D6D0E17EFE04A0086E833 /* AppDelegate.h */ = {isa = PBXFileReference; lastKnownFileType = sourcecode.c.h; path = AppDelegate.h; sourceTree = "<group>"; };
		397D6D0F17EFE04A0086E833 /* AppDelegate.m */ = {isa = PBXFileReference; lastKnownFileType = sourcecode.c.objc; path = AppDelegate.m; sourceTree = "<group>"; };
		397D6D1117EFE04A0086E833 /* Default.png */ = {isa = PBXFileReference; lastKnownFileType = image.png; path = Default.png; sourceTree = "<group>"; };
		397D6D1317EFE04A0086E833 /* Default@2x.png */ = {isa = PBXFileReference; lastKnownFileType = image.png; path = "Default@2x.png"; sourceTree = "<group>"; };
		397D6D1517EFE04A0086E833 /* Default-568h@2x.png */ = {isa = PBXFileReference; lastKnownFileType = image.png; path = "Default-568h@2x.png"; sourceTree = "<group>"; };
		397D6D1717EFE04A0086E833 /* ViewController.h */ = {isa = PBXFileReference; lastKnownFileType = sourcecode.c.h; path = ViewController.h; sourceTree = "<group>"; };
		397D6D1817EFE04A0086E833 /* ViewController.m */ = {isa = PBXFileReference; lastKnownFileType = sourcecode.c.objc; path = ViewController.m; sourceTree = "<group>"; };
		397D6D1B17EFE04A0086E833 /* en */ = {isa = PBXFileReference; lastKnownFileType = file.xib; name = en; path = en.lproj/ViewController.xib; sourceTree = "<group>"; };
/* End PBXFileReference section */

/* Begin PBXFrameworksBuildPhase section */
		397D6CF917EFE04A0086E833 /* Frameworks */ = {
			isa = PBXFrameworksBuildPhase;
			buildActionMask = 2147483647;
			files = (
				397D6D0017EFE04A0086E833 /* UIKit.framework in Frameworks */,
				397D6D0217EFE04A0086E833 /* Foundation.framework in Frameworks */,
				397D6D0417EFE04A0086E833 /* CoreGraphics.framework in Frameworks */,
			);
			runOnlyForDeploymentPostprocessing = 0;
		};
/* End PBXFrameworksBuildPhase section */

/* Begin PBXGroup section */
		397D6CF317EFE04A0086E833 = {
			isa = PBXGroup;
			children = (
				397D6D0517EFE04A0086E833 /* testApp */,
				397D6CFE17EFE04A0086E833 /* Frameworks */,
				397D6CFD17EFE04A0086E833 /* Products */,
			);
			sourceTree = "<group>";
		};
		397D6CFD17EFE04A0086E833 /* Products */ = {
			isa = PBXGroup;
			children = (
				397D6CFC17EFE04A0086E833 /* testApp.app */,
			);
			name = Products;
			sourceTree = "<group>";
		};
		397D6CFE17EFE04A0086E833 /* Frameworks */ = {
			isa = PBXGroup;
			children = (
				397D6CFF17EFE04A0086E833 /* UIKit.framework */,
				397D6D0117EFE04A0086E833 /* Foundation.framework */,
				397D6D0317EFE04A0086E833 /* CoreGraphics.framework */,
			);
			name = Frameworks;
			sourceTree = "<group>";
		};
		397D6D0517EFE04A0086E833 /* testApp */ = {
			isa = PBXGroup;
			children = (
				397D6D0E17EFE04A0086E833 /* AppDelegate.h */,
				397D6D0F17EFE04A0086E833 /* AppDelegate.m */,
				397D6D1717EFE04A0086E833 /* ViewController.h */,
				397D6D1817EFE04A0086E833 /* ViewController.m */,
				397D6D1A17EFE04A0086E833 /* ViewController.xib */,
				397D6D0617EFE04A0086E833 /* Supporting Files */,
			);
			path = testApp;
			sourceTree = "<group>";
		};
		397D6D0617EFE04A0086E833 /* Supporting Files */ = {
			isa = PBXGroup;
			children = (
				397D6D0717EFE04A0086E833 /* testApp-Info.plist */,
				397D6D0817EFE04A0086E833 /* InfoPlist.strings */,
				397D6D0B17EFE04A0086E833 /* main.m */,
				397D6D0D17EFE04A0086E833 /* testApp-Prefix.pch */,
				397D6D1117EFE04A0086E833 /* Default.png */,
				397D6D1317EFE04A0086E833 /* Default@2x.png */,
				397D6D1517EFE04A0086E833 /* Default-568h@2x.png */,
			);
			name = "Supporting Files";
			sourceTree = "<group>";
		};
/* End PBXGroup section */

/* Begin PBXNativeTarget section */
		397D6CFB17EFE04A0086E833 /* testApp */ = {
			isa = PBXNativeTarget;
			buildConfigurationList = 397D6D1F17EFE04A0086E833 /* Build configuration list for PBXNativeTarget "testApp" */;
			buildPhases = (
				397D6CF817EFE04A0086E833 /* Sources */,
				397D6CF917EFE04A0086E833 /* Frameworks */,
				397D6CFA17EFE04A0086E833 /* Resources */,
			);
			buildRules = (
			);
			dependencies = (
			);
			name = testApp;
			productName = testApp;
			productReference = 397D6CFC17EFE04A0086E833 /* testApp.app */;
			productType = "com.apple.product-type.application";
		};
/* End PBXNativeTarget section */

/* Begin PBXProject section */
		397D6CF417EFE04A0086E833 /* Project object */ = {
			isa = PBXProject;
			attributes = {
				LastUpgradeCheck = 0460;
				ORGANIZATIONNAME = "Gawain Bracy II";
			};
			buildConfigurationList = 397D6CF717EFE04A0086E833 /* Build configuration list for PBXProject "testApp" */;
			compatibilityVersion = "Xcode 3.2";
			developmentRegion = English;
			hasScannedForEncodings = 0;
			knownRegions = (
				en,
			);
			mainGroup = 397D6CF317EFE04A0086E833;
			productRefGroup = 397D6CFD17EFE04A0086E833 /* Products */;
			projectDirPath = "";
			projectRoot = "";
			targets = (
				397D6CFB17EFE04A0086E833 /* testApp */,
			);
		};
/* End PBXProject section */

/* Begin PBXResourcesBuildPhase section */
		397D6CFA17EFE04A0086E833 /* Resources */ = {
			isa = PBXResourcesBuildPhase;
			buildActionMask = 2147483647;
			files = (
				397D6D0A17EFE04A0086E833 /* InfoPlist.strings in Resources */,
				397D6D1217EFE04A0086E833 /* Default.png in Resources */,
				397D6D1417EFE04A0086E833 /* Default@2x.png in Resources */,
				397D6D1617EFE04A0086E833 /* Default-568h@2x.png in Resources */,
				397D6D1C17EFE04A0086E833 /* ViewController.xib in Resources */,
			);
			runOnlyForDeploymentPostprocessing = 0;
		};
/* End PBXResourcesBuildPhase section */

/* Begin PBXSourcesBuildPhase section */
		397D6CF817EFE04A0086E833 /* Sources */ = {
			isa = PBXSourcesBuildPhase;
			buildActionMask = 2147483647;
			files = (
				397D6D0C17EFE04A0086E833 /* main.m in Sources */,
				397D6D1017EFE04A0086E833 /* AppDelegate.m in Sources */,
				397D6D1917EFE04A0086E833 /* ViewController.m in Sources */,
			);
			runOnlyForDeploymentPostprocessing = 0;
		};
/* End PBXSourcesBuildPhase section */

/* Begin PBXVariantGroup section */
		397D6D0817EFE04A0086E833 /* InfoPlist.strings */ = {
			isa = PBXVariantGroup;
			children = (
				397D6D0917EFE04A0086E833 /* en */,
			);
			name = InfoPlist.strings;
			sourceTree = "<group>";
		};
		397D6D1A17EFE04A0086E833 /* ViewController.xib */ = {
			isa = PBXVariantGroup;
			children = (
				397D6D1B17EFE04A0086E833 /* en */,
			);
			name = ViewController.xib;
			sourceTree = "<group>";
		};
/* End PBXVariantGroup section */

/* Begin XCBuildConfiguration section */
		397D6D1D17EFE04A0086E833 /* Debug */ = {
			isa = XCBuildConfiguration;
			buildSettings = {
				ALWAYS_SEARCH_USER_PATHS = NO;
				CLANG_CXX_LANGUAGE_STANDARD = "gnu++0x";
				CLANG_CXX_LIBRARY = "libc++";
				CLANG_WARN_CONSTANT_CONVERSION = YES;
				CLANG_WARN_EMPTY_BODY = YES;
				CLANG_WARN_ENUM_CONVERSION = YES;
				CLANG_WARN_INT_CONVERSION = YES;
				CLANG_WARN__DUPLICATE_METHOD_MATCH = YES;
				"CODE_SIGN_IDENTITY[sdk=iphoneos*]" = "iPhone Developer";
				COPY_PHASE_STRIP = NO;
				GCC_C_LANGUAGE_STANDARD = gnu99;
				GCC_DYNAMIC_NO_PIC = NO;
				GCC_OPTIMIZATION_LEVEL = 0;
				GCC_PREPROCESSOR_DEFINITIONS = (
					"DEBUG=1",
					"$(inherited)",
				);
				GCC_SYMBOLS_PRIVATE_EXTERN = NO;
				GCC_WARN_ABOUT_RETURN_TYPE = YES;
				GCC_WARN_UNINITIALIZED_AUTOS = YES;
				GCC_WARN_UNUSED_VARIABLE = YES;
				IPHONEOS_DEPLOYMENT_TARGET = 6.1;
				ONLY_ACTIVE_ARCH = YES;
				SDKROOT = iphoneos;
			};
			name = Debug;
		};
		397D6D1E17EFE04A0086E833 /* Release */ = {
			isa = XCBuildConfiguration;
			buildSettings = {
				ALWAYS_SEARCH_USER_PATHS = NO;
				CLANG_CXX_LANGUAGE_STANDARD = "gnu++0x";
				CLANG_CXX_LIBRARY = "libc++";
				CLANG_WARN_CONSTANT_CONVERSION = YES;
				CLANG_WARN_EMPTY_BODY = YES;
				CLANG_WARN_ENUM_CONVERSION = YES;
				CLANG_WARN_INT_CONVERSION = YES;
				CLANG_WARN__DUPLICATE_METHOD_MATCH = YES;
				"CODE_SIGN_IDENTITY[sdk=iphoneos*]" = "iPhone Developer";
				COPY_PHASE_STRIP = YES;
				GCC_C_LANGUAGE_STANDARD = gnu99;
				GCC_WARN_ABOUT_RETURN_TYPE = YES;
				GCC_WARN_UNINITIALIZED_AUTOS = YES;
				GCC_WARN_UNUSED_VARIABLE = YES;
				IPHONEOS_DEPLOYMENT_TARGET = 6.1;
				OTHER_CFLAGS = "-DNS_BLOCK_ASSERTIONS=1";
				SDKROOT = iphoneos;
				VALIDATE_PRODUCT = YES;
			};
			name = Release;
		};
		397D6D2017EFE04A0086E833 /* Debug */ = {
			isa = XCBuildConfiguration;
			buildSettings = {
				GCC_PRECOMPILE_PREFIX_HEADER = YES;
				GCC_PREFIX_HEADER = "testApp/testApp-Prefix.pch";
				INFOPLIST_FILE = "testApp/testApp-Info.plist";
				PRODUCT_NAME = "$(TARGET_NAME)";
				WRAPPER_EXTENSION = app;
			};
			name = Debug;
		};
		397D6D2117EFE04A0086E833 /* Release */ = {
			isa = XCBuildConfiguration;
			buildSettings = {
				GCC_PRECOMPILE_PREFIX_HEADER = YES;
				GCC_PREFIX_HEADER = "testApp/testApp-Prefix.pch";
				INFOPLIST_FILE = "testApp/testApp-Info.plist";
				PRODUCT_NAME = "$(TARGET_NAME)";
				WRAPPER_EXTENSION = app;
			};
			name = Release;
		};
/* End XCBuildConfiguration section */

/* Begin XCConfigurationList section */
		397D6CF717EFE04A0086E833 /* Build configuration list for PBXProject "testApp" */ = {
			isa = XCConfigurationList;
			buildConfigurations = (
				397D6D1D17EFE04A0086E833 /* Debug */,
				397D6D1E17EFE04A0086E833 /* Release */,
			);
			defaultConfigurationIsVisible = 0;
			defaultConfigurationName = Release;
		};
		397D6D1F17EFE04A0086E833 /* Build configuration list for PBXNativeTarget "testApp" */ = {
			isa = XCConfigurationList;
			buildConfigurations = (
				397D6D2017EFE04A0086E833 /* Debug */,
				397D6D2117EFE04A0086E833 /* Release */,
			);
			defaultConfigurationIsVisible = 0;
		};
/* End XCConfigurationList section */
	};
	rootObject = 397D6CF417EFE04A0086E833 /* Project object */;
}
